// !$*UTF8*$!
{
	archiveVersion = 1;
	classes = {
	};
	objectVersion = 48;
	objects = {

/* Begin PBXBuildFile section */
		E497364A2046071F00C93791 /* AppDelegate.swift in Sources */ = {isa = PBXBuildFile; fileRef = E49736492046071F00C93791 /* AppDelegate.swift */; };
		E497364C2046071F00C93791 /* ViewController.swift in Sources */ = {isa = PBXBuildFile; fileRef = E497364B2046071F00C93791 /* ViewController.swift */; };
		E497364F2046071F00C93791 /* Main.storyboard in Resources */ = {isa = PBXBuildFile; fileRef = E497364D2046071F00C93791 /* Main.storyboard */; };
		E49736512046071F00C93791 /* Assets.xcassets in Resources */ = {isa = PBXBuildFile; fileRef = E49736502046071F00C93791 /* Assets.xcassets */; };
		E49736542046071F00C93791 /* LaunchScreen.storyboard in Resources */ = {isa = PBXBuildFile; fileRef = E49736522046071F00C93791 /* LaunchScreen.storyboard */; };
		E497365C204626FB00C93791 /* ViewModel.swift in Sources */ = {isa = PBXBuildFile; fileRef = E497365B204626FB00C93791 /* ViewModel.swift */; };
		E4973661204628B300C93791 /* User.swift in Sources */ = {isa = PBXBuildFile; fileRef = E4973660204628B300C93791 /* User.swift */; };
		E4973665204629B100C93791 /* AudioMath.swift in Sources */ = {isa = PBXBuildFile; fileRef = E4973664204629B100C93791 /* AudioMath.swift */; };
/* End PBXBuildFile section */

/* Begin PBXFileReference section */
		E49736462046071F00C93791 /* DesignPatterns-MvvmDemo.app */ = {isa = PBXFileReference; explicitFileType = wrapper.application; includeInIndex = 0; path = "DesignPatterns-MvvmDemo.app"; sourceTree = BUILT_PRODUCTS_DIR; };
		E49736492046071F00C93791 /* AppDelegate.swift */ = {isa = PBXFileReference; lastKnownFileType = sourcecode.swift; path = AppDelegate.swift; sourceTree = "<group>"; };
		E497364B2046071F00C93791 /* ViewController.swift */ = {isa = PBXFileReference; lastKnownFileType = sourcecode.swift; path = ViewController.swift; sourceTree = "<group>"; };
		E497364E2046071F00C93791 /* Base */ = {isa = PBXFileReference; lastKnownFileType = file.storyboard; name = Base; path = Base.lproj/Main.storyboard; sourceTree = "<group>"; };
		E49736502046071F00C93791 /* Assets.xcassets */ = {isa = PBXFileReference; lastKnownFileType = folder.assetcatalog; path = Assets.xcassets; sourceTree = "<group>"; };
		E49736532046071F00C93791 /* Base */ = {isa = PBXFileReference; lastKnownFileType = file.storyboard; name = Base; path = Base.lproj/LaunchScreen.storyboard; sourceTree = "<group>"; };
		E49736552046071F00C93791 /* Info.plist */ = {isa = PBXFileReference; lastKnownFileType = text.plist.xml; path = Info.plist; sourceTree = "<group>"; };
		E497365B204626FB00C93791 /* ViewModel.swift */ = {isa = PBXFileReference; lastKnownFileType = sourcecode.swift; path = ViewModel.swift; sourceTree = "<group>"; };
		E4973660204628B300C93791 /* User.swift */ = {isa = PBXFileReference; lastKnownFileType = sourcecode.swift; path = User.swift; sourceTree = "<group>"; };
		E4973664204629B100C93791 /* AudioMath.swift */ = {isa = PBXFileReference; lastKnownFileType = sourcecode.swift; path = AudioMath.swift; sourceTree = "<group>"; };
/* End PBXFileReference section */

/* Begin PBXFrameworksBuildPhase section */
		E49736432046071F00C93791 /* Frameworks */ = {
			isa = PBXFrameworksBuildPhase;
			buildActionMask = 2147483647;
			files = (
			);
			runOnlyForDeploymentPostprocessing = 0;
		};
/* End PBXFrameworksBuildPhase section */

/* Begin PBXGroup section */
		E497363D2046071F00C93791 = {
			isa = PBXGroup;
			children = (
				E49736482046071F00C93791 /* DesignPatterns-MvvmDemo */,
				E49736472046071F00C93791 /* Products */,
			);
			sourceTree = "<group>";
		};
		E49736472046071F00C93791 /* Products */ = {
			isa = PBXGroup;
			children = (
				E49736462046071F00C93791 /* DesignPatterns-MvvmDemo.app */,
			);
			name = Products;
			sourceTree = "<group>";
		};
		E49736482046071F00C93791 /* DesignPatterns-MvvmDemo */ = {
			isa = PBXGroup;
			children = (
				E497365F2046289400C93791 /* Model */,
				E49736492046071F00C93791 /* AppDelegate.swift */,
				E497364B2046071F00C93791 /* ViewController.swift */,
				E497364D2046071F00C93791 /* Main.storyboard */,
				E49736502046071F00C93791 /* Assets.xcassets */,
				E49736522046071F00C93791 /* LaunchScreen.storyboard */,
				E49736552046071F00C93791 /* Info.plist */,
				E497365B204626FB00C93791 /* ViewModel.swift */,
			);
			path = "DesignPatterns-MvvmDemo";
			sourceTree = "<group>";
		};
		E497365F2046289400C93791 /* Model */ = {
			isa = PBXGroup;
			children = (
				E4973660204628B300C93791 /* User.swift */,
				E4973664204629B100C93791 /* AudioMath.swift */,
			);
			path = Model;
			sourceTree = "<group>";
		};
/* End PBXGroup section */

/* Begin PBXNativeTarget section */
		E49736452046071F00C93791 /* DesignPatterns-MvvmDemo */ = {
			isa = PBXNativeTarget;
			buildConfigurationList = E49736582046071F00C93791 /* Build configuration list for PBXNativeTarget "DesignPatterns-MvvmDemo" */;
			buildPhases = (
				E49736422046071F00C93791 /* Sources */,
				E49736432046071F00C93791 /* Frameworks */,
				E49736442046071F00C93791 /* Resources */,
			);
			buildRules = (
			);
			dependencies = (
			);
			name = "DesignPatterns-MvvmDemo";
			productName = "DesignPatterns-MvvmDemo";
			productReference = E49736462046071F00C93791 /* DesignPatterns-MvvmDemo.app */;
			productType = "com.apple.product-type.application";
		};
/* End PBXNativeTarget section */

/* Begin PBXProject section */
		E497363E2046071F00C93791 /* Project object */ = {
			isa = PBXProject;
			attributes = {
				LastSwiftUpdateCheck = 0920;
				LastUpgradeCheck = 0920;
				ORGANIZATIONNAME = HologramPacific;
				TargetAttributes = {
					E49736452046071F00C93791 = {
						CreatedOnToolsVersion = 9.2;
						ProvisioningStyle = Automatic;
					};
				};
			};
			buildConfigurationList = E49736412046071F00C93791 /* Build configuration list for PBXProject "DesignPatterns-MvvmDemo" */;
			compatibilityVersion = "Xcode 8.0";
			developmentRegion = en;
			hasScannedForEncodings = 0;
			knownRegions = (
				en,
				Base,
			);
			mainGroup = E497363D2046071F00C93791;
			productRefGroup = E49736472046071F00C93791 /* Products */;
			projectDirPath = "";
			projectRoot = "";
			targets = (
				E49736452046071F00C93791 /* DesignPatterns-MvvmDemo */,
			);
		};
/* End PBXProject section */

/* Begin PBXResourcesBuildPhase section */
		E49736442046071F00C93791 /* Resources */ = {
			isa = PBXResourcesBuildPhase;
			buildActionMask = 2147483647;
			files = (
				E49736542046071F00C93791 /* LaunchScreen.storyboard in Resources */,
				E49736512046071F00C93791 /* Assets.xcassets in Resources */,
				E497364F2046071F00C93791 /* Main.storyboard in Resources */,
			);
			runOnlyForDeploymentPostprocessing = 0;
		};
/* End PBXResourcesBuildPhase section */

/* Begin PBXSourcesBuildPhase section */
		E49736422046071F00C93791 /* Sources */ = {
			isa = PBXSourcesBuildPhase;
			buildActionMask = 2147483647;
			files = (
				E4973665204629B100C93791 /* AudioMath.swift in Sources */,
				E4973661204628B300C93791 /* User.swift in Sources */,
				E497364C2046071F00C93791 /* ViewController.swift in Sources */,
				E497365C204626FB00C93791 /* ViewModel.swift in Sources */,
				E497364A2046071F00C93791 /* AppDelegate.swift in Sources */,
			);
			runOnlyForDeploymentPostprocessing = 0;
		};
/* End PBXSourcesBuildPhase section */

/* Begin PBXVariantGroup section */
		E497364D2046071F00C93791 /* Main.storyboard */ = {
			isa = PBXVariantGroup;
			children = (
				E497364E2046071F00C93791 /* Base */,
			);
			name = Main.storyboard;
			sourceTree = "<group>";
		};
		E49736522046071F00C93791 /* LaunchScreen.storyboard */ = {
			isa = PBXVariantGroup;
			children = (
				E49736532046071F00C93791 /* Base */,
			);
			name = LaunchScreen.storyboard;
			sourceTree = "<group>";
		};
/* End PBXVariantGroup section */

/* Begin XCBuildConfiguration section */
		E49736562046071F00C93791 /* Debug */ = {
			isa = XCBuildConfiguration;
			buildSettings = {
				ALWAYS_SEARCH_USER_PATHS = NO;
				CLANG_ANALYZER_NONNULL = YES;
				CLANG_ANALYZER_NUMBER_OBJECT_CONVERSION = YES_AGGRESSIVE;
				CLANG_CXX_LANGUAGE_STANDARD = "gnu++14";
				CLANG_CXX_LIBRARY = "libc++";
				CLANG_ENABLE_MODULES = YES;
				CLANG_ENABLE_OBJC_ARC = YES;
				CLANG_WARN_BLOCK_CAPTURE_AUTORELEASING = YES;
				CLANG_WARN_BOOL_CONVERSION = YES;
				CLANG_WARN_COMMA = YES;
				CLANG_WARN_CONSTANT_CONVERSION = YES;
				CLANG_WARN_DIRECT_OBJC_ISA_USAGE = YES_ERROR;
				CLANG_WARN_DOCUMENTATION_COMMENTS = YES;
				CLANG_WARN_EMPTY_BODY = YES;
				CLANG_WARN_ENUM_CONVERSION = YES;
				CLANG_WARN_INFINITE_RECURSION = YES;
				CLANG_WARN_INT_CONVERSION = YES;
				CLANG_WARN_NON_LITERAL_NULL_CONVERSION = YES;
				CLANG_WARN_OBJC_LITERAL_CONVERSION = YES;
				CLANG_WARN_OBJC_ROOT_CLASS = YES_ERROR;
				CLANG_WARN_RANGE_LOOP_ANALYSIS = YES;
				CLANG_WARN_STRICT_PROTOTYPES = YES;
				CLANG_WARN_SUSPICIOUS_MOVE = YES;
				CLANG_WARN_UNGUARDED_AVAILABILITY = YES_AGGRESSIVE;
				CLANG_WARN_UNREACHABLE_CODE = YES;
				CLANG_WARN__DUPLICATE_METHOD_MATCH = YES;
				CODE_SIGN_IDENTITY = "iPhone Developer";
				COPY_PHASE_STRIP = NO;
				DEBUG_INFORMATION_FORMAT = dwarf;
				ENABLE_STRICT_OBJC_MSGSEND = YES;
				ENABLE_TESTABILITY = YES;
				GCC_C_LANGUAGE_STANDARD = gnu11;
				GCC_DYNAMIC_NO_PIC = NO;
				GCC_NO_COMMON_BLOCKS = YES;
				GCC_OPTIMIZATION_LEVEL = 0;
				GCC_PREPROCESSOR_DEFINITIONS = (
					"DEBUG=1",
					"$(inherited)",
				);
				GCC_WARN_64_TO_32_BIT_CONVERSION = YES;
				GCC_WARN_ABOUT_RETURN_TYPE = YES_ERROR;
				GCC_WARN_UNDECLARED_SELECTOR = YES;
				GCC_WARN_UNINITIALIZED_AUTOS = YES_AGGRESSIVE;
				GCC_WARN_UNUSED_FUNCTION = YES;
				GCC_WARN_UNUSED_VARIABLE = YES;
				IPHONEOS_DEPLOYMENT_TARGET = 11.2;
				MTL_ENABLE_DEBUG_INFO = YES;
				ONLY_ACTIVE_ARCH = YES;
				SDKROOT = iphoneos;
				SWIFT_ACTIVE_COMPILATION_CONDITIONS = DEBUG;
				SWIFT_OPTIMIZATION_LEVEL = "-Onone";
			};
			name = Debug;
		};
		E49736572046071F00C93791 /* Release */ = {
			isa = XCBuildConfiguration;
			buildSettings = {
				ALWAYS_SEARCH_USER_PATHS = NO;
				CLANG_ANALYZER_NONNULL = YES;
				CLANG_ANALYZER_NUMBER_OBJECT_CONVERSION = YES_AGGRESSIVE;
				CLANG_CXX_LANGUAGE_STANDARD = "gnu++14";
				CLANG_CXX_LIBRARY = "libc++";
				CLANG_ENABLE_MODULES = YES;
				CLANG_ENABLE_OBJC_ARC = YES;
				CLANG_WARN_BLOCK_CAPTURE_AUTORELEASING = YES;
				CLANG_WARN_BOOL_CONVERSION = YES;
				CLANG_WARN_COMMA = YES;
				CLANG_WARN_CONSTANT_CONVERSION = YES;
				CLANG_WARN_DIRECT_OBJC_ISA_USAGE = YES_ERROR;
				CLANG_WARN_DOCUMENTATION_COMMENTS = YES;
				CLANG_WARN_EMPTY_BODY = YES;
				CLANG_WARN_ENUM_CONVERSION = YES;
				CLANG_WARN_INFINITE_RECURSION = YES;
				CLANG_WARN_INT_CONVERSION = YES;
				CLANG_WARN_NON_LITERAL_NULL_CONVERSION = YES;
				CLANG_WARN_OBJC_LITERAL_CONVERSION = YES;
				CLANG_WARN_OBJC_ROOT_CLASS = YES_ERROR;
				CLANG_WARN_RANGE_LOOP_ANALYSIS = YES;
				CLANG_WARN_STRICT_PROTOTYPES = YES;
				CLANG_WARN_SUSPICIOUS_MOVE = YES;
				CLANG_WARN_UNGUARDED_AVAILABILITY = YES_AGGRESSIVE;
				CLANG_WARN_UNREACHABLE_CODE = YES;
				CLANG_WARN__DUPLICATE_METHOD_MATCH = YES;
				CODE_SIGN_IDENTITY = "iPhone Developer";
				COPY_PHASE_STRIP = NO;
				DEBUG_INFORMATION_FORMAT = "dwarf-with-dsym";
				ENABLE_NS_ASSERTIONS = NO;
				ENABLE_STRICT_OBJC_MSGSEND = YES;
				GCC_C_LANGUAGE_STANDARD = gnu11;
				GCC_NO_COMMON_BLOCKS = YES;
				GCC_WARN_64_TO_32_BIT_CONVERSION = YES;
				GCC_WARN_ABOUT_RETURN_TYPE = YES_ERROR;
				GCC_WARN_UNDECLARED_SELECTOR = YES;
				GCC_WARN_UNINITIALIZED_AUTOS = YES_AGGRESSIVE;
				GCC_WARN_UNUSED_FUNCTION = YES;
				GCC_WARN_UNUSED_VARIABLE = YES;
				IPHONEOS_DEPLOYMENT_TARGET = 11.2;
				MTL_ENABLE_DEBUG_INFO = NO;
				SDKROOT = iphoneos;
				SWIFT_OPTIMIZATION_LEVEL = "-Owholemodule";
				VALIDATE_PRODUCT = YES;
			};
			name = Release;
		};
		E49736592046071F00C93791 /* Debug */ = {
			isa = XCBuildConfiguration;
			buildSettings = {
				ASSETCATALOG_COMPILER_APPICON_NAME = AppIcon;
				CODE_SIGN_STYLE = Automatic;
				DEVELOPMENT_TEAM = 24A68S5EUR;
				INFOPLIST_FILE = "DesignPatterns-MvvmDemo/Info.plist";
				LD_RUNPATH_SEARCH_PATHS = "$(inherited) @executable_path/Frameworks";
				PRODUCT_BUNDLE_IDENTIFIER = "com.hologrampacific.DesignPatterns-MvvmDemo";
				PRODUCT_NAME = "$(TARGET_NAME)";
				SWIFT_VERSION = 4.0;
				TARGETED_DEVICE_FAMILY = "1,2";
			};
			name = Debug;
		};
		E497365A2046071F00C93791 /* Release */ = {
			isa = XCBuildConfiguration;
			buildSettings = {
				ASSETCATALOG_COMPILER_APPICON_NAME = AppIcon;
				CODE_SIGN_STYLE = Automatic;
				DEVELOPMENT_TEAM = 24A68S5EUR;
				INFOPLIST_FILE = "DesignPatterns-MvvmDemo/Info.plist";
				LD_RUNPATH_SEARCH_PATHS = "$(inherited) @executable_path/Frameworks";
				PRODUCT_BUNDLE_IDENTIFIER = "com.hologrampacific.DesignPatterns-MvvmDemo";
				PRODUCT_NAME = "$(TARGET_NAME)";
				SWIFT_VERSION = 4.0;
				TARGETED_DEVICE_FAMILY = "1,2";
			};
			name = Release;
		};
/* End XCBuildConfiguration section */

/* Begin XCConfigurationList section */
		E49736412046071F00C93791 /* Build configuration list for PBXProject "DesignPatterns-MvvmDemo" */ = {
			isa = XCConfigurationList;
			buildConfigurations = (
				E49736562046071F00C93791 /* Debug */,
				E49736572046071F00C93791 /* Release */,
			);
			defaultConfigurationIsVisible = 0;
			defaultConfigurationName = Release;
		};
		E49736582046071F00C93791 /* Build configuration list for PBXNativeTarget "DesignPatterns-MvvmDemo" */ = {
			isa = XCConfigurationList;
			buildConfigurations = (
				E49736592046071F00C93791 /* Debug */,
				E497365A2046071F00C93791 /* Release */,
			);
			defaultConfigurationIsVisible = 0;
			defaultConfigurationName = Release;
		};
/* End XCConfigurationList section */
	};
	rootObject = E497363E2046071F00C93791 /* Project object */;
}
